<?xml version="1.0" encoding="utf-8"?>
<Project ToolsVersion="4.0" xmlns="http://schemas.microsoft.com/developer/msbuild/2003">
  <ItemGroup>
    <Filter Include="Source Files">
      <UniqueIdentifier>{4FC737F1-C7A5-4376-A066-2A32D752A2FF}</UniqueIdentifier>
      <Extensions>cpp;c;cc;cxx;def;odl;idl;hpj;bat;asm;asmx</Extensions>
    </Filter>
    <Filter Include="Header Files">
      <UniqueIdentifier>{93995380-89BD-4b04-88EB-625FBE52EBFB}</UniqueIdentifier>
      <Extensions>h;hpp;hxx;hm;inl;inc;xsd</Extensions>
    </Filter>
    <Filter Include="Resource Files">
      <UniqueIdentifier>{67DA6AB6-F800-4c08-8B7A-83BB121AAD01}</UniqueIdentifier>
      <Extensions>rc;ico;cur;bmp;dlg;rc2;rct;bin;rgs;gif;jpg;jpeg;jpe;resx;tiff;tif;png;wav</Extensions>
    </Filter>
  </ItemGroup>
  <ItemGroup>
    <ClCompile Include="AnalyzerConflictService.cpp">
      <Filter>Source Files</Filter>
    </ClCompile>
    <ClCompile Include="asterix.cpp">
      <Filter>Source Files</Filter>
    </ClCompile>
    <ClCompile Include="asterix_cat_11.cpp">
      <Filter>Source Files</Filter>
    </ClCompile>
    <ClCompile Include="SAXparser.cpp">
      <Filter>Source Files</Filter>
    </ClCompile>
    <ClCompile Include="AnalyzerConflict\main.cpp">
      <Filter>Source Files</Filter>
    </ClCompile>
    <ClCompile Include="asterix_data_lib.cpp">
      <Filter>Source Files</Filter>
    </ClCompile>
    <ClCompile Include="asterix_011_category.cpp">
      <Filter>Source Files</Filter>
    </ClCompile>
    <ClCompile Include="Util.cpp">
      <Filter>Source Files</Filter>
    </ClCompile>
    <ClCompile Include="multi_attr.cpp">
      <Filter>Source Files</Filter>
    </ClCompile>
    <ClCompile Include="log.cpp">
      <Filter>Source Files</Filter>
    </ClCompile>
    <ClCompile Include="Pulkovo.cpp">
      <Filter>Source Files</Filter>
    </ClCompile>
    <ClCompile Include="GeoCalc.cpp">
      <Filter>Source Files</Filter>
    </ClCompile>
    <ClCompile Include="config_app.cpp">
      <Filter>Source Files</Filter>
    </ClCompile>
  </ItemGroup>
  <ItemGroup>
    <ClInclude Include="AnalyzerConflictService.h">
      <Filter>Header Files</Filter>
    </ClInclude>
    <ClInclude Include="cat_asterix.h">
      <Filter>Header Files</Filter>
    </ClInclude>
    <ClInclude Include="Common.h">
      <Filter>Header Files</Filter>
    </ClInclude>
    <ClInclude Include="Config_app.h">
      <Filter>Header Files</Filter>
    </ClInclude>
    <ClInclude Include="Log.h">
      <Filter>Header Files</Filter>
    </ClInclude>
    <ClInclude Include="SAXparser.h">
      <Filter>Header Files</Filter>
    </ClInclude>
    <ClInclude Include="Singleton.h">
      <Filter>Header Files</Filter>
    </ClInclude>
    <ClInclude Include="unistd.h">
      <Filter>Header Files</Filter>
    </ClInclude>
    <ClInclude Include="Pulkovo.h">
      <Filter>Header Files</Filter>
    </ClInclude>
    <ClInclude Include="asterix.h">
      <Filter>Header Files</Filter>
    </ClInclude>
    <ClInclude Include="asterix_cat_11.h">
      <Filter>Header Files</Filter>
    </ClInclude>
    <ClInclude Include="asterix_internal.h">
      <Filter>Header Files</Filter>
    </ClInclude>
    <ClInclude Include="asterix_reader.h">
      <Filter>Header Files</Filter>
    </ClInclude>
    <ClInclude Include="asterix_template.h">
      <Filter>Header Files</Filter>
    </ClInclude>
    <ClInclude Include="asterix_writer.h">
      <Filter>Header Files</Filter>
    </ClInclude>
    <ClInclude Include="asterix_data_lib.h">
      <Filter>Header Files</Filter>
    </ClInclude>
    <ClInclude Include="asterix_011_category.h">
      <Filter>Header Files</Filter>
    </ClInclude>
    <ClInclude Include="Util.h">
      <Filter>Header Files</Filter>
    </ClInclude>
    <ClInclude Include="GeoCalc.h">
      <Filter>Header Files</Filter>
    </ClInclude>
  </ItemGroup>
</Project>